
Microsoft Visual Studio Solution File, Format Version 12.00
# Visual Studio Version 16
VisualStudioVersion = 16.0.32602.291
MinimumVisualStudioVersion = 10.0.40219.1
Project("{FAE04EC0-301F-11D3-BF4B-00C04F79EFBC}") = "01_learning", "01_learning.csproj", "{23A19164-3618-4FFF-B631-8CFC07A70E91}"
EndProject
Global
	GlobalSection(SolutionConfigurationPlatforms) = preSolution
		Debug|Any CPU = Debug|Any CPU
		Release|Any CPU = Release|Any CPU
	EndGlobalSection
	GlobalSection(ProjectConfigurationPlatforms) = postSolution
		{23A19164-3618-4FFF-B631-8CFC07A70E91}.Debug|Any CPU.ActiveCfg = Debug|Any CPU
		{23A19164-3618-4FFF-B631-8CFC07A70E91}.Debug|Any CPU.Build.0 = Debug|Any CPU
		{23A19164-3618-4FFF-B631-8CFC07A70E91}.Release|Any CPU.ActiveCfg = Release|Any CPU
		{23A19164-3618-4FFF-B631-8CFC07A70E91}.Release|Any CPU.Build.0 = Release|Any CPU
	EndGlobalSection
	GlobalSection(SolutionProperties) = preSolution
		HideSolutionNode = FALSE
	EndGlobalSection
	GlobalSection(ExtensibilityGlobals) = postSolution
		SolutionGuid = {F50E0E1B-D41B-43A6-A1E8-E427856F8161}
	EndGlobalSection
EndGlobal
