
Microsoft Visual Studio Solution File, Format Version 12.00
# Visual Studio Version 17
VisualStudioVersion = 17.14.36310.24 d17.14
MinimumVisualStudioVersion = 10.0.40219.1
Project("{8BC9CEB8-8B4A-11D0-8D11-00A0C91BC942}") = "Cpp_Learning", "Cpp_Learning\Cpp_Learning.vcxproj", "{19D7C79A-5B2B-42EA-8DCA-853CCBBB5F9D}"
EndProject
Project("{FAE04EC0-301F-11D3-BF4B-00C04F79EFBC}") = "C#_Learning", "..\C#_learning\C#_Learning\C#_Learning\C#_Learning.csproj", "{A94A142E-EB1D-8F02-BB05-C36EE2C53503}"
EndProject
Global
	GlobalSection(SolutionConfigurationPlatforms) = preSolution
		Debug|Any CPU = Debug|Any CPU
		Debug|x64 = Debug|x64
		Debug|x86 = Debug|x86
		Release|Any CPU = Release|Any CPU
		Release|x64 = Release|x64
		Release|x86 = Release|x86
	EndGlobalSection
	GlobalSection(ProjectConfigurationPlatforms) = postSolution
		{19D7C79A-5B2B-42EA-8DCA-853CCBBB5F9D}.Debug|Any CPU.ActiveCfg = Debug|x64
		{19D7C79A-5B2B-42EA-8DCA-853CCBBB5F9D}.Debug|Any CPU.Build.0 = Debug|x64
		{19D7C79A-5B2B-42EA-8DCA-853CCBBB5F9D}.Debug|x64.ActiveCfg = Debug|x64
		{19D7C79A-5B2B-42EA-8DCA-853CCBBB5F9D}.Debug|x64.Build.0 = Debug|x64
		{19D7C79A-5B2B-42EA-8DCA-853CCBBB5F9D}.Debug|x86.ActiveCfg = Debug|Win32
		{19D7C79A-5B2B-42EA-8DCA-853CCBBB5F9D}.Debug|x86.Build.0 = Debug|Win32
		{19D7C79A-5B2B-42EA-8DCA-853CCBBB5F9D}.Release|Any CPU.ActiveCfg = Release|x64
		{19D7C79A-5B2B-42EA-8DCA-853CCBBB5F9D}.Release|Any CPU.Build.0 = Release|x64
		{19D7C79A-5B2B-42EA-8DCA-853CCBBB5F9D}.Release|x64.ActiveCfg = Release|x64
		{19D7C79A-5B2B-42EA-8DCA-853CCBBB5F9D}.Release|x64.Build.0 = Release|x64
		{19D7C79A-5B2B-42EA-8DCA-853CCBBB5F9D}.Release|x86.ActiveCfg = Release|Win32
		{19D7C79A-5B2B-42EA-8DCA-853CCBBB5F9D}.Release|x86.Build.0 = Release|Win32
		{A94A142E-EB1D-8F02-BB05-C36EE2C53503}.Debug|Any CPU.ActiveCfg = Debug|Any CPU
		{A94A142E-EB1D-8F02-BB05-C36EE2C53503}.Debug|Any CPU.Build.0 = Debug|Any CPU
		{A94A142E-EB1D-8F02-BB05-C36EE2C53503}.Debug|x64.ActiveCfg = Debug|Any CPU
		{A94A142E-EB1D-8F02-BB05-C36EE2C53503}.Debug|x64.Build.0 = Debug|Any CPU
		{A94A142E-EB1D-8F02-BB05-C36EE2C53503}.Debug|x86.ActiveCfg = Debug|Any CPU
		{A94A142E-EB1D-8F02-BB05-C36EE2C53503}.Debug|x86.Build.0 = Debug|Any CPU
		{A94A142E-EB1D-8F02-BB05-C36EE2C53503}.Release|Any CPU.ActiveCfg = Release|Any CPU
		{A94A142E-EB1D-8F02-BB05-C36EE2C53503}.Release|Any CPU.Build.0 = Release|Any CPU
		{A94A142E-EB1D-8F02-BB05-C36EE2C53503}.Release|x64.ActiveCfg = Release|Any CPU
		{A94A142E-EB1D-8F02-BB05-C36EE2C53503}.Release|x64.Build.0 = Release|Any CPU
		{A94A142E-EB1D-8F02-BB05-C36EE2C53503}.Release|x86.ActiveCfg = Release|Any CPU
		{A94A142E-EB1D-8F02-BB05-C36EE2C53503}.Release|x86.Build.0 = Release|Any CPU
	EndGlobalSection
	GlobalSection(SolutionProperties) = preSolution
		HideSolutionNode = FALSE
	EndGlobalSection
	GlobalSection(ExtensibilityGlobals) = postSolution
		SolutionGuid = {AABD3BEE-45AE-454C-977D-011C9517037A}
	EndGlobalSection
EndGlobal
