
Microsoft Visual Studio Solution File, Format Version 12.00
# Visual Studio Version 17
VisualStudioVersion = 17.14.36310.24 d17.14
MinimumVisualStudioVersion = 10.0.40219.1
Project("{FAE04EC0-301F-11D3-BF4B-00C04F79EFBC}") = "C#_Learning", "C#_Learning\C#_Learning.csproj", "{C509C5CC-3DCF-4A19-B689-A0579740C524}"
EndProject
Global
	GlobalSection(SolutionConfigurationPlatforms) = preSolution
		Debug|Any CPU = Debug|Any CPU
		Release|Any CPU = Release|Any CPU
	EndGlobalSection
	GlobalSection(ProjectConfigurationPlatforms) = postSolution
		{C509C5CC-3DCF-4A19-B689-A0579740C524}.Debug|Any CPU.ActiveCfg = Debug|Any CPU
		{C509C5CC-3DCF-4A19-B689-A0579740C524}.Debug|Any CPU.Build.0 = Debug|Any CPU
		{C509C5CC-3DCF-4A19-B689-A0579740C524}.Release|Any CPU.ActiveCfg = Release|Any CPU
		{C509C5CC-3DCF-4A19-B689-A0579740C524}.Release|Any CPU.Build.0 = Release|Any CPU
	EndGlobalSection
	GlobalSection(SolutionProperties) = preSolution
		HideSolutionNode = FALSE
	EndGlobalSection
	GlobalSection(ExtensibilityGlobals) = postSolution
		SolutionGuid = {0E99493A-31C1-440A-B65D-2C1AA789EEC8}
	EndGlobalSection
EndGlobal
